<?xml version="1.0" encoding="utf-8"?>
<Project ToolsVersion="4.0" xmlns="http://schemas.microsoft.com/developer/msbuild/2003">
  <ItemGroup>
    <Filter Include="Pliki źródłowe">
      <UniqueIdentifier>{4FC737F1-C7A5-4376-A066-2A32D752A2FF}</UniqueIdentifier>
      <Extensions>cpp;c;cc;cxx;c++;cppm;ixx;def;odl;idl;hpj;bat;asm;asmx</Extensions>
    </Filter>
    <Filter Include="Pliki nagłówkowe">
      <UniqueIdentifier>{93995380-89BD-4b04-88EB-625FBE52EBFB}</UniqueIdentifier>
      <Extensions>h;hh;hpp;hxx;h++;hm;inl;inc;ipp;xsd</Extensions>
    </Filter>
    <Filter Include="Pliki zasobów">
      <UniqueIdentifier>{67DA6AB6-F800-4c08-8B7A-83BB121AAD01}</UniqueIdentifier>
      <Extensions>rc;ico;cur;bmp;dlg;rc2;rct;bin;rgs;gif;jpg;jpeg;jpe;resx;tiff;tif;png;wav;mfcribbon-ms</Extensions>
    </Filter>
    <Filter Include="Pliki nagłówkowe\Prototypes">
      <UniqueIdentifier>{5ca6b516-2cc4-40c5-ae2c-8611da22993f}</UniqueIdentifier>
    </Filter>
    <Filter Include="Pliki źródłowe\Prototypes">
      <UniqueIdentifier>{af546eaf-3cea-4162-abf7-68b152078250}</UniqueIdentifier>
    </Filter>
    <Filter Include="Pliki nagłówkowe\Interfaces">
      <UniqueIdentifier>{f3fe923d-18ae-4a6f-8a61-490c7d57d353}</UniqueIdentifier>
    </Filter>
    <Filter Include="Pliki źródłowe\Interfaces">
      <UniqueIdentifier>{65848519-3749-4f32-8107-02824e180d71}</UniqueIdentifier>
    </Filter>
    <Filter Include="Pliki źródłowe\win32">
      <UniqueIdentifier>{5ee59447-ade4-4dad-9174-fb69289500bb}</UniqueIdentifier>
    </Filter>
  </ItemGroup>
  <ItemGroup>
    <ClInclude Include="framework.h">
      <Filter>Pliki nagłówkowe</Filter>
    </ClInclude>
    <ClInclude Include="nativeprinter.h">
      <Filter>Pliki nagłówkowe</Filter>
    </ClInclude>
    <ClInclude Include="ProtoDevice.h">
      <Filter>Pliki nagłówkowe\Prototypes</Filter>
    </ClInclude>
    <ClInclude Include="ProtoRfcommSocket.h">
      <Filter>Pliki nagłówkowe\Prototypes</Filter>
    </ClInclude>
    <ClInclude Include="IAdapter.h">
      <Filter>Pliki nagłówkowe\Interfaces</Filter>
    </ClInclude>
    <ClInclude Include="IDevice.h">
      <Filter>Pliki nagłówkowe\Interfaces</Filter>
    </ClInclude>
    <ClInclude Include="IRfcommSocket.h">
      <Filter>Pliki nagłówkowe\Interfaces</Filter>
    </ClInclude>
    <ClInclude Include="ProtoAdapter.h">
      <Filter>Pliki nagłówkowe\Prototypes</Filter>
    </ClInclude>
    <ClInclude Include="IBluetoothManager.h">
      <Filter>Pliki nagłówkowe\Interfaces</Filter>
    </ClInclude>
    <ClInclude Include="ProtoBluetoothManager.h">
      <Filter>Pliki nagłówkowe\Prototypes</Filter>
    </ClInclude>
    <ClInclude Include="IEventListener.h">
      <Filter>Pliki nagłówkowe\Interfaces</Filter>
    </ClInclude>
  </ItemGroup>
  <ItemGroup>
    <ClCompile Include="dllmain.cpp">
      <Filter>Pliki źródłowe</Filter>
    </ClCompile>
    <ClCompile Include="nativeprinter.cpp">
      <Filter>Pliki źródłowe</Filter>
    </ClCompile>
    <ClCompile Include="ProtoDevice.cpp">
      <Filter>Pliki źródłowe\Prototypes</Filter>
    </ClCompile>
    <ClCompile Include="ProtoRfcommSocket.cpp">
      <Filter>Pliki źródłowe\Prototypes</Filter>
    </ClCompile>
    <ClCompile Include="ProtoAdapter.cpp">
      <Filter>Pliki źródłowe\Prototypes</Filter>
    </ClCompile>
    <ClCompile Include="ProtoBluetoothManager.cpp">
      <Filter>Pliki źródłowe\Prototypes</Filter>
    </ClCompile>
    <ClCompile Include="yhkcatprint.ixx">
      <Filter>Pliki źródłowe</Filter>
    </ClCompile>
    <ClCompile Include="yhkcatprint.adapter.ixx">
      <Filter>Pliki źródłowe\Interfaces</Filter>
    </ClCompile>
    <ClCompile Include="yhkcatprint.device.ixx">
      <Filter>Pliki źródłowe\Interfaces</Filter>
    </ClCompile>
    <ClCompile Include="yhkcatprint.manager.ixx">
      <Filter>Pliki źródłowe\Interfaces</Filter>
    </ClCompile>
    <ClCompile Include="yhkcatprint.rfcomm.ixx">
      <Filter>Pliki źródłowe\Interfaces</Filter>
    </ClCompile>
    <ClCompile Include="yhkcatprint.win32.rfcomm.ixx">
      <Filter>Pliki źródłowe\win32</Filter>
    </ClCompile>
    <ClCompile Include="win32_rfcomm.cpp">
      <Filter>Pliki źródłowe\win32</Filter>
    </ClCompile>
    <ClCompile Include="yhkcatprint.win32.ixx">
      <Filter>Pliki źródłowe\win32</Filter>
    </ClCompile>
  </ItemGroup>
  <ItemGroup>
    <None Include=".gitignore" />
  </ItemGroup>
</Project>